{
  "name": "Bible_extension",
  "lockfileVersion": 3,
  "requires": true,
  "packages": {
    "": {
      "dependencies": {
        "bible-passage-reference-parser": "^2.0.1"
      }
    },
    "node_modules/bible-passage-reference-parser": {
      "version": "2.0.1",
      "resolved": "https://registry.npmjs.org/bible-passage-reference-parser/-/bible-passage-reference-parser-2.0.1.tgz",
      "integrity": "sha512-A/W1ElN+BQP4Xww/2tpuFx3lGGz6nPQz/rdqNL9pbN2Pk0f5rqOj2/VKRO8DgPcH7NrnawZeajJBCakPL/QXWQ=="
    }
  }
}
